// !$*UTF8*$!
{
	archiveVersion = 1;
	classes = {
	};
	objectVersion = 46;
	objects = {

/* Begin PBXBuildFile section */
		D0DD94251BC6926B00240F6B /* main.m in Sources */ = {isa = PBXBuildFile; fileRef = D0DD94241BC6926B00240F6B /* main.m */; };
		D0DD94281BC6926B00240F6B /* AppDelegate.m in Sources */ = {isa = PBXBuildFile; fileRef = D0DD94271BC6926B00240F6B /* AppDelegate.m */; };
		D0DD942B1BC6926B00240F6B /* ViewController.m in Sources */ = {isa = PBXBuildFile; fileRef = D0DD942A1BC6926B00240F6B /* ViewController.m */; };
		D0DD942E1BC6926B00240F6B /* Main.storyboard in Resources */ = {isa = PBXBuildFile; fileRef = D0DD942C1BC6926B00240F6B /* Main.storyboard */; };
		D0DD94301BC6926B00240F6B /* Images.xcassets in Resources */ = {isa = PBXBuildFile; fileRef = D0DD942F1BC6926B00240F6B /* Images.xcassets */; };
		D0DD94331BC6926B00240F6B /* LaunchScreen.xib in Resources */ = {isa = PBXBuildFile; fileRef = D0DD94311BC6926B00240F6B /* LaunchScreen.xib */; };
		D0DD943F1BC6926B00240F6B /* MessagingScreenTests.m in Sources */ = {isa = PBXBuildFile; fileRef = D0DD943E1BC6926B00240F6B /* MessagingScreenTests.m */; };
/* End PBXBuildFile section */

/* Begin PBXContainerItemProxy section */
		D0DD94391BC6926B00240F6B /* PBXContainerItemProxy */ = {
			isa = PBXContainerItemProxy;
			containerPortal = D0DD94171BC6926B00240F6B /* Project object */;
			proxyType = 1;
			remoteGlobalIDString = D0DD941E1BC6926B00240F6B;
			remoteInfo = MessagingScreen;
		};
/* End PBXContainerItemProxy section */

/* Begin PBXFileReference section */
		D0DD941F1BC6926B00240F6B /* MessagingScreen.app */ = {isa = PBXFileReference; explicitFileType = wrapper.application; includeInIndex = 0; path = MessagingScreen.app; sourceTree = BUILT_PRODUCTS_DIR; };
		D0DD94231BC6926B00240F6B /* Info.plist */ = {isa = PBXFileReference; lastKnownFileType = text.plist.xml; path = Info.plist; sourceTree = "<group>"; };
		D0DD94241BC6926B00240F6B /* main.m */ = {isa = PBXFileReference; lastKnownFileType = sourcecode.c.objc; path = main.m; sourceTree = "<group>"; };
		D0DD94261BC6926B00240F6B /* AppDelegate.h */ = {isa = PBXFileReference; lastKnownFileType = sourcecode.c.h; path = AppDelegate.h; sourceTree = "<group>"; };
		D0DD94271BC6926B00240F6B /* AppDelegate.m */ = {isa = PBXFileReference; lastKnownFileType = sourcecode.c.objc; path = AppDelegate.m; sourceTree = "<group>"; };
		D0DD94291BC6926B00240F6B /* ViewController.h */ = {isa = PBXFileReference; lastKnownFileType = sourcecode.c.h; path = ViewController.h; sourceTree = "<group>"; };
		D0DD942A1BC6926B00240F6B /* ViewController.m */ = {isa = PBXFileReference; lastKnownFileType = sourcecode.c.objc; path = ViewController.m; sourceTree = "<group>"; };
		D0DD942D1BC6926B00240F6B /* Base */ = {isa = PBXFileReference; lastKnownFileType = file.storyboard; name = Base; path = Base.lproj/Main.storyboard; sourceTree = "<group>"; };
		D0DD942F1BC6926B00240F6B /* Images.xcassets */ = {isa = PBXFileReference; lastKnownFileType = folder.assetcatalog; path = Images.xcassets; sourceTree = "<group>"; };
		D0DD94321BC6926B00240F6B /* Base */ = {isa = PBXFileReference; lastKnownFileType = file.xib; name = Base; path = Base.lproj/LaunchScreen.xib; sourceTree = "<group>"; };
		D0DD94381BC6926B00240F6B /* MessagingScreenTests.xctest */ = {isa = PBXFileReference; explicitFileType = wrapper.cfbundle; includeInIndex = 0; path = MessagingScreenTests.xctest; sourceTree = BUILT_PRODUCTS_DIR; };
		D0DD943D1BC6926B00240F6B /* Info.plist */ = {isa = PBXFileReference; lastKnownFileType = text.plist.xml; path = Info.plist; sourceTree = "<group>"; };
		D0DD943E1BC6926B00240F6B /* MessagingScreenTests.m */ = {isa = PBXFileReference; lastKnownFileType = sourcecode.c.objc; path = MessagingScreenTests.m; sourceTree = "<group>"; };
/* End PBXFileReference section */

/* Begin PBXFrameworksBuildPhase section */
		D0DD941C1BC6926B00240F6B /* Frameworks */ = {
			isa = PBXFrameworksBuildPhase;
			buildActionMask = 2147483647;
			files = (
			);
			runOnlyForDeploymentPostprocessing = 0;
		};
		D0DD94351BC6926B00240F6B /* Frameworks */ = {
			isa = PBXFrameworksBuildPhase;
			buildActionMask = 2147483647;
			files = (
			);
			runOnlyForDeploymentPostprocessing = 0;
		};
/* End PBXFrameworksBuildPhase section */

/* Begin PBXGroup section */
		D0DD94161BC6926B00240F6B = {
			isa = PBXGroup;
			children = (
				D0DD94211BC6926B00240F6B /* MessagingScreen */,
				D0DD943B1BC6926B00240F6B /* MessagingScreenTests */,
				D0DD94201BC6926B00240F6B /* Products */,
			);
			sourceTree = "<group>";
		};
		D0DD94201BC6926B00240F6B /* Products */ = {
			isa = PBXGroup;
			children = (
				D0DD941F1BC6926B00240F6B /* MessagingScreen.app */,
				D0DD94381BC6926B00240F6B /* MessagingScreenTests.xctest */,
			);
			name = Products;
			sourceTree = "<group>";
		};
		D0DD94211BC6926B00240F6B /* MessagingScreen */ = {
			isa = PBXGroup;
			children = (
				D0DD94261BC6926B00240F6B /* AppDelegate.h */,
				D0DD94271BC6926B00240F6B /* AppDelegate.m */,
				D0DD94291BC6926B00240F6B /* ViewController.h */,
				D0DD942A1BC6926B00240F6B /* ViewController.m */,
				D0DD942C1BC6926B00240F6B /* Main.storyboard */,
				D0DD942F1BC6926B00240F6B /* Images.xcassets */,
				D0DD94311BC6926B00240F6B /* LaunchScreen.xib */,
				D0DD94221BC6926B00240F6B /* Supporting Files */,
			);
			path = MessagingScreen;
			sourceTree = "<group>";
		};
		D0DD94221BC6926B00240F6B /* Supporting Files */ = {
			isa = PBXGroup;
			children = (
				D0DD94231BC6926B00240F6B /* Info.plist */,
				D0DD94241BC6926B00240F6B /* main.m */,
			);
			name = "Supporting Files";
			sourceTree = "<group>";
		};
		D0DD943B1BC6926B00240F6B /* MessagingScreenTests */ = {
			isa = PBXGroup;
			children = (
				D0DD943E1BC6926B00240F6B /* MessagingScreenTests.m */,
				D0DD943C1BC6926B00240F6B /* Supporting Files */,
			);
			path = MessagingScreenTests;
			sourceTree = "<group>";
		};
		D0DD943C1BC6926B00240F6B /* Supporting Files */ = {
			isa = PBXGroup;
			children = (
				D0DD943D1BC6926B00240F6B /* Info.plist */,
			);
			name = "Supporting Files";
			sourceTree = "<group>";
		};
/* End PBXGroup section */

/* Begin PBXNativeTarget section */
		D0DD941E1BC6926B00240F6B /* MessagingScreen */ = {
			isa = PBXNativeTarget;
			buildConfigurationList = D0DD94421BC6926B00240F6B /* Build configuration list for PBXNativeTarget "MessagingScreen" */;
			buildPhases = (
				D0DD941B1BC6926B00240F6B /* Sources */,
				D0DD941C1BC6926B00240F6B /* Frameworks */,
				D0DD941D1BC6926B00240F6B /* Resources */,
			);
			buildRules = (
			);
			dependencies = (
			);
			name = MessagingScreen;
			productName = MessagingScreen;
			productReference = D0DD941F1BC6926B00240F6B /* MessagingScreen.app */;
			productType = "com.apple.product-type.application";
		};
		D0DD94371BC6926B00240F6B /* MessagingScreenTests */ = {
			isa = PBXNativeTarget;
			buildConfigurationList = D0DD94451BC6926B00240F6B /* Build configuration list for PBXNativeTarget "MessagingScreenTests" */;
			buildPhases = (
				D0DD94341BC6926B00240F6B /* Sources */,
				D0DD94351BC6926B00240F6B /* Frameworks */,
				D0DD94361BC6926B00240F6B /* Resources */,
			);
			buildRules = (
			);
			dependencies = (
				D0DD943A1BC6926B00240F6B /* PBXTargetDependency */,
			);
			name = MessagingScreenTests;
			productName = MessagingScreenTests;
			productReference = D0DD94381BC6926B00240F6B /* MessagingScreenTests.xctest */;
			productType = "com.apple.product-type.bundle.unit-test";
		};
/* End PBXNativeTarget section */

/* Begin PBXProject section */
		D0DD94171BC6926B00240F6B /* Project object */ = {
			isa = PBXProject;
			attributes = {
				LastUpgradeCheck = 0640;
				ORGANIZATIONNAME = Sourcebits;
				TargetAttributes = {
					D0DD941E1BC6926B00240F6B = {
						CreatedOnToolsVersion = 6.4;
					};
					D0DD94371BC6926B00240F6B = {
						CreatedOnToolsVersion = 6.4;
						TestTargetID = D0DD941E1BC6926B00240F6B;
					};
				};
			};
			buildConfigurationList = D0DD941A1BC6926B00240F6B /* Build configuration list for PBXProject "MessagingScreen" */;
			compatibilityVersion = "Xcode 3.2";
			developmentRegion = English;
			hasScannedForEncodings = 0;
			knownRegions = (
				en,
				Base,
			);
			mainGroup = D0DD94161BC6926B00240F6B;
			productRefGroup = D0DD94201BC6926B00240F6B /* Products */;
			projectDirPath = "";
			projectRoot = "";
			targets = (
				D0DD941E1BC6926B00240F6B /* MessagingScreen */,
				D0DD94371BC6926B00240F6B /* MessagingScreenTests */,
			);
		};
/* End PBXProject section */

/* Begin PBXResourcesBuildPhase section */
		D0DD941D1BC6926B00240F6B /* Resources */ = {
			isa = PBXResourcesBuildPhase;
			buildActionMask = 2147483647;
			files = (
				D0DD942E1BC6926B00240F6B /* Main.storyboard in Resources */,
				D0DD94331BC6926B00240F6B /* LaunchScreen.xib in Resources */,
				D0DD94301BC6926B00240F6B /* Images.xcassets in Resources */,
			);
			runOnlyForDeploymentPostprocessing = 0;
		};
		D0DD94361BC6926B00240F6B /* Resources */ = {
			isa = PBXResourcesBuildPhase;
			buildActionMask = 2147483647;
			files = (
			);
			runOnlyForDeploymentPostprocessing = 0;
		};
/* End PBXResourcesBuildPhase section */

/* Begin PBXSourcesBuildPhase section */
		D0DD941B1BC6926B00240F6B /* Sources */ = {
			isa = PBXSourcesBuildPhase;
			buildActionMask = 2147483647;
			files = (
				D0DD942B1BC6926B00240F6B /* ViewController.m in Sources */,
				D0DD94281BC6926B00240F6B /* AppDelegate.m in Sources */,
				D0DD94251BC6926B00240F6B /* main.m in Sources */,
			);
			runOnlyForDeploymentPostprocessing = 0;
		};
		D0DD94341BC6926B00240F6B /* Sources */ = {
			isa = PBXSourcesBuildPhase;
			buildActionMask = 2147483647;
			files = (
				D0DD943F1BC6926B00240F6B /* MessagingScreenTests.m in Sources */,
			);
			runOnlyForDeploymentPostprocessing = 0;
		};
/* End PBXSourcesBuildPhase section */

/* Begin PBXTargetDependency section */
		D0DD943A1BC6926B00240F6B /* PBXTargetDependency */ = {
			isa = PBXTargetDependency;
			target = D0DD941E1BC6926B00240F6B /* MessagingScreen */;
			targetProxy = D0DD94391BC6926B00240F6B /* PBXContainerItemProxy */;
		};
/* End PBXTargetDependency section */

/* Begin PBXVariantGroup section */
		D0DD942C1BC6926B00240F6B /* Main.storyboard */ = {
			isa = PBXVariantGroup;
			children = (
				D0DD942D1BC6926B00240F6B /* Base */,
			);
			name = Main.storyboard;
			sourceTree = "<group>";
		};
		D0DD94311BC6926B00240F6B /* LaunchScreen.xib */ = {
			isa = PBXVariantGroup;
			children = (
				D0DD94321BC6926B00240F6B /* Base */,
			);
			name = LaunchScreen.xib;
			sourceTree = "<group>";
		};
/* End PBXVariantGroup section */

/* Begin XCBuildConfiguration section */
		D0DD94401BC6926B00240F6B /* Debug */ = {
			isa = XCBuildConfiguration;
			buildSettings = {
				ALWAYS_SEARCH_USER_PATHS = NO;
				CLANG_CXX_LANGUAGE_STANDARD = "gnu++0x";
				CLANG_CXX_LIBRARY = "libc++";
				CLANG_ENABLE_MODULES = YES;
				CLANG_ENABLE_OBJC_ARC = YES;
				CLANG_WARN_BOOL_CONVERSION = YES;
				CLANG_WARN_CONSTANT_CONVERSION = YES;
				CLANG_WARN_DIRECT_OBJC_ISA_USAGE = YES_ERROR;
				CLANG_WARN_EMPTY_BODY = YES;
				CLANG_WARN_ENUM_CONVERSION = YES;
				CLANG_WARN_INT_CONVERSION = YES;
				CLANG_WARN_OBJC_ROOT_CLASS = YES_ERROR;
				CLANG_WARN_UNREACHABLE_CODE = YES;
				CLANG_WARN__DUPLICATE_METHOD_MATCH = YES;
				"CODE_SIGN_IDENTITY[sdk=iphoneos*]" = "iPhone Developer";
				COPY_PHASE_STRIP = NO;
				DEBUG_INFORMATION_FORMAT = "dwarf-with-dsym";
				ENABLE_STRICT_OBJC_MSGSEND = YES;
				GCC_C_LANGUAGE_STANDARD = gnu99;
				GCC_DYNAMIC_NO_PIC = NO;
				GCC_NO_COMMON_BLOCKS = YES;
				GCC_OPTIMIZATION_LEVEL = 0;
				GCC_PREPROCESSOR_DEFINITIONS = (
					"DEBUG=1",
					"$(inherited)",
				);
				GCC_SYMBOLS_PRIVATE_EXTERN = NO;
				GCC_WARN_64_TO_32_BIT_CONVERSION = YES;
				GCC_WARN_ABOUT_RETURN_TYPE = YES_ERROR;
				GCC_WARN_UNDECLARED_SELECTOR = YES;
				GCC_WARN_UNINITIALIZED_AUTOS = YES_AGGRESSIVE;
				GCC_WARN_UNUSED_FUNCTION = YES;
				GCC_WARN_UNUSED_VARIABLE = YES;
				IPHONEOS_DEPLOYMENT_TARGET = 8.4;
				MTL_ENABLE_DEBUG_INFO = YES;
				ONLY_ACTIVE_ARCH = YES;
				SDKROOT = iphoneos;
			};
			name = Debug;
		};
		D0DD94411BC6926B00240F6B /* Release */ = {
			isa = XCBuildConfiguration;
			buildSettings = {
				ALWAYS_SEARCH_USER_PATHS = NO;
				CLANG_CXX_LANGUAGE_STANDARD = "gnu++0x";
				CLANG_CXX_LIBRARY = "libc++";
				CLANG_ENABLE_MODULES = YES;
				CLANG_ENABLE_OBJC_ARC = YES;
				CLANG_WARN_BOOL_CONVERSION = YES;
				CLANG_WARN_CONSTANT_CONVERSION = YES;
				CLANG_WARN_DIRECT_OBJC_ISA_USAGE = YES_ERROR;
				CLANG_WARN_EMPTY_BODY = YES;
				CLANG_WARN_ENUM_CONVERSION = YES;
				CLANG_WARN_INT_CONVERSION = YES;
				CLANG_WARN_OBJC_ROOT_CLASS = YES_ERROR;
				CLANG_WARN_UNREACHABLE_CODE = YES;
				CLANG_WARN__DUPLICATE_METHOD_MATCH = YES;
				"CODE_SIGN_IDENTITY[sdk=iphoneos*]" = "iPhone Developer";
				COPY_PHASE_STRIP = NO;
				DEBUG_INFORMATION_FORMAT = "dwarf-with-dsym";
				ENABLE_NS_ASSERTIONS = NO;
				ENABLE_STRICT_OBJC_MSGSEND = YES;
				GCC_C_LANGUAGE_STANDARD = gnu99;
				GCC_NO_COMMON_BLOCKS = YES;
				GCC_WARN_64_TO_32_BIT_CONVERSION = YES;
				GCC_WARN_ABOUT_RETURN_TYPE = YES_ERROR;
				GCC_WARN_UNDECLARED_SELECTOR = YES;
				GCC_WARN_UNINITIALIZED_AUTOS = YES_AGGRESSIVE;
				GCC_WARN_UNUSED_FUNCTION = YES;
				GCC_WARN_UNUSED_VARIABLE = YES;
				IPHONEOS_DEPLOYMENT_TARGET = 8.4;
				MTL_ENABLE_DEBUG_INFO = NO;
				SDKROOT = iphoneos;
				VALIDATE_PRODUCT = YES;
			};
			name = Release;
		};
		D0DD94431BC6926B00240F6B /* Debug */ = {
			isa = XCBuildConfiguration;
			buildSettings = {
				ASSETCATALOG_COMPILER_APPICON_NAME = AppIcon;
				INFOPLIST_FILE = MessagingScreen/Info.plist;
				LD_RUNPATH_SEARCH_PATHS = "$(inherited) @executable_path/Frameworks";
				PRODUCT_NAME = "$(TARGET_NAME)";
			};
			name = Debug;
		};
		D0DD94441BC6926B00240F6B /* Release */ = {
			isa = XCBuildConfiguration;
			buildSettings = {
				ASSETCATALOG_COMPILER_APPICON_NAME = AppIcon;
				INFOPLIST_FILE = MessagingScreen/Info.plist;
				LD_RUNPATH_SEARCH_PATHS = "$(inherited) @executable_path/Frameworks";
				PRODUCT_NAME = "$(TARGET_NAME)";
			};
			name = Release;
		};
		D0DD94461BC6926B00240F6B /* Debug */ = {
			isa = XCBuildConfiguration;
			buildSettings = {
				BUNDLE_LOADER = "$(TEST_HOST)";
				FRAMEWORK_SEARCH_PATHS = (
					"$(SDKROOT)/Developer/Library/Frameworks",
					"$(inherited)",
				);
				GCC_PREPROCESSOR_DEFINITIONS = (
					"DEBUG=1",
					"$(inherited)",
				);
				INFOPLIST_FILE = MessagingScreenTests/Info.plist;
				LD_RUNPATH_SEARCH_PATHS = "$(inherited) @executable_path/Frameworks @loader_path/Frameworks";
				PRODUCT_NAME = "$(TARGET_NAME)";
				TEST_HOST = "$(BUILT_PRODUCTS_DIR)/MessagingScreen.app/MessagingScreen";
			};
			name = Debug;
		};
		D0DD94471BC6926B00240F6B /* Release */ = {
			isa = XCBuildConfiguration;
			buildSettings = {
				BUNDLE_LOADER = "$(TEST_HOST)";
				FRAMEWORK_SEARCH_PATHS = (
					"$(SDKROOT)/Developer/Library/Frameworks",
					"$(inherited)",
				);
				INFOPLIST_FILE = MessagingScreenTests/Info.plist;
				LD_RUNPATH_SEARCH_PATHS = "$(inherited) @executable_path/Frameworks @loader_path/Frameworks";
				PRODUCT_NAME = "$(TARGET_NAME)";
				TEST_HOST = "$(BUILT_PRODUCTS_DIR)/MessagingScreen.app/MessagingScreen";
			};
			name = Release;
		};
/* End XCBuildConfiguration section */

/* Begin XCConfigurationList section */
		D0DD941A1BC6926B00240F6B /* Build configuration list for PBXProject "MessagingScreen" */ = {
			isa = XCConfigurationList;
			buildConfigurations = (
				D0DD94401BC6926B00240F6B /* Debug */,
				D0DD94411BC6926B00240F6B /* Release */,
			);
			defaultConfigurationIsVisible = 0;
			defaultConfigurationName = Release;
		};
		D0DD94421BC6926B00240F6B /* Build configuration list for PBXNativeTarget "MessagingScreen" */ = {
			isa = XCConfigurationList;
			buildConfigurations = (
				D0DD94431BC6926B00240F6B /* Debug */,
				D0DD94441BC6926B00240F6B /* Release */,
			);
			defaultConfigurationIsVisible = 0;
		};
		D0DD94451BC6926B00240F6B /* Build configuration list for PBXNativeTarget "MessagingScreenTests" */ = {
			isa = XCConfigurationList;
			buildConfigurations = (
				D0DD94461BC6926B00240F6B /* Debug */,
				D0DD94471BC6926B00240F6B /* Release */,
			);
			defaultConfigurationIsVisible = 0;
		};
/* End XCConfigurationList section */
	};
	rootObject = D0DD94171BC6926B00240F6B /* Project object */;
}
